
Microsoft Visual Studio Solution File, Format Version 12.00
# Visual Studio Version 16
VisualStudioVersion = 16.0.30717.126
MinimumVisualStudioVersion = 10.0.40219.1
Project("{9A19103F-16F7-4668-BE54-9A1E7A4F7556}") = "KampIntro", "KampIntro\KampIntro.csproj", "{44B29B3B-74C9-47B2-80D2-D211F700F5E7}"
EndProject
Project("{9A19103F-16F7-4668-BE54-9A1E7A4F7556}") = "Donguler", "Donguler\Donguler.csproj", "{287328CD-AE19-4135-BC27-EC3572B875F2}"
EndProject
Project("{9A19103F-16F7-4668-BE54-9A1E7A4F7556}") = "ClassIntro", "ClassIntro\ClassIntro.csproj", "{68C51090-67A3-45C7-95CD-53C3F278118A}"
EndProject
Project("{9A19103F-16F7-4668-BE54-9A1E7A4F7556}") = "Metotlar", "Metotlar\Metotlar.csproj", "{FF32C83B-6856-4693-B582-402E7AC1A7A4}"
EndProject
Project("{9A19103F-16F7-4668-BE54-9A1E7A4F7556}") = "Matematik", "Matematik\Matematik.csproj", "{1E2EC400-E951-48D2-A2C4-289E2B50F375}"
EndProject
Project("{9A19103F-16F7-4668-BE54-9A1E7A4F7556}") = "DegerVeReferansTipler", "DegerVeReferansTipler\DegerVeReferansTipler.csproj", "{68D5BF1A-B019-4728-8D0A-C723CCB6813F}"
EndProject
Project("{9A19103F-16F7-4668-BE54-9A1E7A4F7556}") = "OOP1", "OOP1\OOP1.csproj", "{048FE33A-888F-413A-91F3-E962FE765DA2}"
EndProject
Project("{9A19103F-16F7-4668-BE54-9A1E7A4F7556}") = "Koleksiyonlar", "Koleksiyonlar\Koleksiyonlar.csproj", "{7F720FA7-5080-482A-A8C9-9303BCDA0E74}"
EndProject
Project("{9A19103F-16F7-4668-BE54-9A1E7A4F7556}") = "GenericsIntro", "GenericsIntro\GenericsIntro.csproj", "{A6A7FABA-0FB7-4D7F-9772-F40C13AF8145}"
EndProject
Project("{FAE04EC0-301F-11D3-BF4B-00C04F79EFBC}") = "OOP2", "OOP2\OOP2.csproj", "{D6FE6142-E789-49ED-9F61-29070DC8F0FF}"
EndProject
Project("{FAE04EC0-301F-11D3-BF4B-00C04F79EFBC}") = "OOP3", "OOP3\OOP3.csproj", "{DD54AD03-7677-4595-B14B-A6891C5AA07B}"
EndProject
Global
	GlobalSection(SolutionConfigurationPlatforms) = preSolution
		Debug|Any CPU = Debug|Any CPU
		Release|Any CPU = Release|Any CPU
	EndGlobalSection
	GlobalSection(ProjectConfigurationPlatforms) = postSolution
		{44B29B3B-74C9-47B2-80D2-D211F700F5E7}.Debug|Any CPU.ActiveCfg = Debug|Any CPU
		{44B29B3B-74C9-47B2-80D2-D211F700F5E7}.Debug|Any CPU.Build.0 = Debug|Any CPU
		{44B29B3B-74C9-47B2-80D2-D211F700F5E7}.Release|Any CPU.ActiveCfg = Release|Any CPU
		{44B29B3B-74C9-47B2-80D2-D211F700F5E7}.Release|Any CPU.Build.0 = Release|Any CPU
		{287328CD-AE19-4135-BC27-EC3572B875F2}.Debug|Any CPU.ActiveCfg = Debug|Any CPU
		{287328CD-AE19-4135-BC27-EC3572B875F2}.Debug|Any CPU.Build.0 = Debug|Any CPU
		{287328CD-AE19-4135-BC27-EC3572B875F2}.Release|Any CPU.ActiveCfg = Release|Any CPU
		{287328CD-AE19-4135-BC27-EC3572B875F2}.Release|Any CPU.Build.0 = Release|Any CPU
		{68C51090-67A3-45C7-95CD-53C3F278118A}.Debug|Any CPU.ActiveCfg = Debug|Any CPU
		{68C51090-67A3-45C7-95CD-53C3F278118A}.Debug|Any CPU.Build.0 = Debug|Any CPU
		{68C51090-67A3-45C7-95CD-53C3F278118A}.Release|Any CPU.ActiveCfg = Release|Any CPU
		{68C51090-67A3-45C7-95CD-53C3F278118A}.Release|Any CPU.Build.0 = Release|Any CPU
		{FF32C83B-6856-4693-B582-402E7AC1A7A4}.Debug|Any CPU.ActiveCfg = Debug|Any CPU
		{FF32C83B-6856-4693-B582-402E7AC1A7A4}.Debug|Any CPU.Build.0 = Debug|Any CPU
		{FF32C83B-6856-4693-B582-402E7AC1A7A4}.Release|Any CPU.ActiveCfg = Release|Any CPU
		{FF32C83B-6856-4693-B582-402E7AC1A7A4}.Release|Any CPU.Build.0 = Release|Any CPU
		{1E2EC400-E951-48D2-A2C4-289E2B50F375}.Debug|Any CPU.ActiveCfg = Debug|Any CPU
		{1E2EC400-E951-48D2-A2C4-289E2B50F375}.Debug|Any CPU.Build.0 = Debug|Any CPU
		{1E2EC400-E951-48D2-A2C4-289E2B50F375}.Release|Any CPU.ActiveCfg = Release|Any CPU
		{1E2EC400-E951-48D2-A2C4-289E2B50F375}.Release|Any CPU.Build.0 = Release|Any CPU
		{68D5BF1A-B019-4728-8D0A-C723CCB6813F}.Debug|Any CPU.ActiveCfg = Debug|Any CPU
		{68D5BF1A-B019-4728-8D0A-C723CCB6813F}.Debug|Any CPU.Build.0 = Debug|Any CPU
		{68D5BF1A-B019-4728-8D0A-C723CCB6813F}.Release|Any CPU.ActiveCfg = Release|Any CPU
		{68D5BF1A-B019-4728-8D0A-C723CCB6813F}.Release|Any CPU.Build.0 = Release|Any CPU
		{048FE33A-888F-413A-91F3-E962FE765DA2}.Debug|Any CPU.ActiveCfg = Debug|Any CPU
		{048FE33A-888F-413A-91F3-E962FE765DA2}.Debug|Any CPU.Build.0 = Debug|Any CPU
		{048FE33A-888F-413A-91F3-E962FE765DA2}.Release|Any CPU.ActiveCfg = Release|Any CPU
		{048FE33A-888F-413A-91F3-E962FE765DA2}.Release|Any CPU.Build.0 = Release|Any CPU
		{7F720FA7-5080-482A-A8C9-9303BCDA0E74}.Debug|Any CPU.ActiveCfg = Debug|Any CPU
		{7F720FA7-5080-482A-A8C9-9303BCDA0E74}.Debug|Any CPU.Build.0 = Debug|Any CPU
		{7F720FA7-5080-482A-A8C9-9303BCDA0E74}.Release|Any CPU.ActiveCfg = Release|Any CPU
		{7F720FA7-5080-482A-A8C9-9303BCDA0E74}.Release|Any CPU.Build.0 = Release|Any CPU
		{A6A7FABA-0FB7-4D7F-9772-F40C13AF8145}.Debug|Any CPU.ActiveCfg = Debug|Any CPU
		{A6A7FABA-0FB7-4D7F-9772-F40C13AF8145}.Debug|Any CPU.Build.0 = Debug|Any CPU
		{A6A7FABA-0FB7-4D7F-9772-F40C13AF8145}.Release|Any CPU.ActiveCfg = Release|Any CPU
		{A6A7FABA-0FB7-4D7F-9772-F40C13AF8145}.Release|Any CPU.Build.0 = Release|Any CPU
		{D6FE6142-E789-49ED-9F61-29070DC8F0FF}.Debug|Any CPU.ActiveCfg = Debug|Any CPU
		{D6FE6142-E789-49ED-9F61-29070DC8F0FF}.Debug|Any CPU.Build.0 = Debug|Any CPU
		{D6FE6142-E789-49ED-9F61-29070DC8F0FF}.Release|Any CPU.ActiveCfg = Release|Any CPU
		{D6FE6142-E789-49ED-9F61-29070DC8F0FF}.Release|Any CPU.Build.0 = Release|Any CPU
		{DD54AD03-7677-4595-B14B-A6891C5AA07B}.Debug|Any CPU.ActiveCfg = Debug|Any CPU
		{DD54AD03-7677-4595-B14B-A6891C5AA07B}.Debug|Any CPU.Build.0 = Debug|Any CPU
		{DD54AD03-7677-4595-B14B-A6891C5AA07B}.Release|Any CPU.ActiveCfg = Release|Any CPU
		{DD54AD03-7677-4595-B14B-A6891C5AA07B}.Release|Any CPU.Build.0 = Release|Any CPU
	EndGlobalSection
	GlobalSection(SolutionProperties) = preSolution
		HideSolutionNode = FALSE
	EndGlobalSection
	GlobalSection(ExtensibilityGlobals) = postSolution
		SolutionGuid = {CA3A35A7-446D-4EC1-ACF5-91F47472CAA9}
	EndGlobalSection
EndGlobal
